
Microsoft Visual Studio Solution File, Format Version 12.00
# Visual Studio 14
VisualStudioVersion = 14.0.25420.1
MinimumVisualStudioVersion = 10.0.40219.1
Project("{8BC9CEB8-8B4A-11D0-8D11-00A0C91BC942}") = "client", "client.vcxproj", "{02F04C79-5DCC-4B17-B704-7ABBB1137E75}"
EndProject
Project("{8BC9CEB8-8B4A-11D0-8D11-00A0C91BC942}") = "practice", "..\practice\practice.vcxproj", "{99E0796F-9E68-4AC1-8E8D-A81B973C2107}"
EndProject
Project("{8BC9CEB8-8B4A-11D0-8D11-00A0C91BC942}") = "server", "..\server\server.vcxproj", "{97F02B1A-3EEC-4107-BF40-5E4CCC1F3215}"
EndProject
Global
	GlobalSection(SolutionConfigurationPlatforms) = preSolution
		Debug|Win32 = Debug|Win32
		Debug|x64 = Debug|x64
		Release|Win32 = Release|Win32
		Release|x64 = Release|x64
	EndGlobalSection
	GlobalSection(ProjectConfigurationPlatforms) = postSolution
		{02F04C79-5DCC-4B17-B704-7ABBB1137E75}.Debug|Win32.ActiveCfg = Debug|Win32
		{02F04C79-5DCC-4B17-B704-7ABBB1137E75}.Debug|Win32.Build.0 = Debug|Win32
		{02F04C79-5DCC-4B17-B704-7ABBB1137E75}.Debug|x64.ActiveCfg = Debug|Win32
		{02F04C79-5DCC-4B17-B704-7ABBB1137E75}.Release|Win32.ActiveCfg = Release|Win32
		{02F04C79-5DCC-4B17-B704-7ABBB1137E75}.Release|Win32.Build.0 = Release|Win32
		{02F04C79-5DCC-4B17-B704-7ABBB1137E75}.Release|x64.ActiveCfg = Release|Win32
		{99E0796F-9E68-4AC1-8E8D-A81B973C2107}.Debug|Win32.ActiveCfg = Debug|Win32
		{99E0796F-9E68-4AC1-8E8D-A81B973C2107}.Debug|Win32.Build.0 = Debug|Win32
		{99E0796F-9E68-4AC1-8E8D-A81B973C2107}.Debug|x64.ActiveCfg = Debug|Win32
		{99E0796F-9E68-4AC1-8E8D-A81B973C2107}.Release|Win32.ActiveCfg = Release|Win32
		{99E0796F-9E68-4AC1-8E8D-A81B973C2107}.Release|Win32.Build.0 = Release|Win32
		{99E0796F-9E68-4AC1-8E8D-A81B973C2107}.Release|x64.ActiveCfg = Release|Win32
		{97F02B1A-3EEC-4107-BF40-5E4CCC1F3215}.Debug|Win32.ActiveCfg = Debug|Win32
		{97F02B1A-3EEC-4107-BF40-5E4CCC1F3215}.Debug|Win32.Build.0 = Debug|Win32
		{97F02B1A-3EEC-4107-BF40-5E4CCC1F3215}.Debug|x64.ActiveCfg = Debug|x64
		{97F02B1A-3EEC-4107-BF40-5E4CCC1F3215}.Debug|x64.Build.0 = Debug|x64
		{97F02B1A-3EEC-4107-BF40-5E4CCC1F3215}.Release|Win32.ActiveCfg = Release|Win32
		{97F02B1A-3EEC-4107-BF40-5E4CCC1F3215}.Release|Win32.Build.0 = Release|Win32
		{97F02B1A-3EEC-4107-BF40-5E4CCC1F3215}.Release|x64.ActiveCfg = Release|x64
		{97F02B1A-3EEC-4107-BF40-5E4CCC1F3215}.Release|x64.Build.0 = Release|x64
	EndGlobalSection
	GlobalSection(SolutionProperties) = preSolution
		HideSolutionNode = FALSE
	EndGlobalSection
EndGlobal
