
Microsoft Visual Studio Solution File, Format Version 11.00
# Visual Studio 2010
Project("{8BC9CEB8-8B4A-11D0-8D11-00A0C91BC942}") = "client", "client.vcxproj", "{02F04C79-5DCC-4B17-B704-7ABBB1137E75}"
EndProject
Project("{8BC9CEB8-8B4A-11D0-8D11-00A0C91BC942}") = "practice", "..\practice\practice.vcxproj", "{99E0796F-9E68-4AC1-8E8D-A81B973C2107}"
EndProject
Global
	GlobalSection(SolutionConfigurationPlatforms) = preSolution
		Debug|Win32 = Debug|Win32
		Release|Win32 = Release|Win32
	EndGlobalSection
	GlobalSection(ProjectConfigurationPlatforms) = postSolution
		{02F04C79-5DCC-4B17-B704-7ABBB1137E75}.Debug|Win32.ActiveCfg = Debug|Win32
		{02F04C79-5DCC-4B17-B704-7ABBB1137E75}.Debug|Win32.Build.0 = Debug|Win32
		{02F04C79-5DCC-4B17-B704-7ABBB1137E75}.Release|Win32.ActiveCfg = Release|Win32
		{02F04C79-5DCC-4B17-B704-7ABBB1137E75}.Release|Win32.Build.0 = Release|Win32
		{99E0796F-9E68-4AC1-8E8D-A81B973C2107}.Debug|Win32.ActiveCfg = Debug|Win32
		{99E0796F-9E68-4AC1-8E8D-A81B973C2107}.Debug|Win32.Build.0 = Debug|Win32
		{99E0796F-9E68-4AC1-8E8D-A81B973C2107}.Release|Win32.ActiveCfg = Release|Win32
		{99E0796F-9E68-4AC1-8E8D-A81B973C2107}.Release|Win32.Build.0 = Release|Win32
	EndGlobalSection
	GlobalSection(SolutionProperties) = preSolution
		HideSolutionNode = FALSE
	EndGlobalSection
EndGlobal
